// !$*UTF8*$!
{
	archiveVersion = 1;
	classes = {
	};
	objectVersion = 51;
	objects = {

/* Begin PBXBuildFile section */
		00095C9132E0F759055F3940 /* Pods_Stock__macOS_.framework in Frameworks */ = {isa = PBXBuildFile; fileRef = 7F29EC83CA76549D30DC7522 /* Pods_Stock__macOS_.framework */; };
		8A0E3DC325239713003220DA /* StockPrice.swift in Sources */ = {isa = PBXBuildFile; fileRef = 8A0E3DC225239713003220DA /* StockPrice.swift */; };
		8A0E3DC9252397E3003220DA /* RestError.swift in Sources */ = {isa = PBXBuildFile; fileRef = 8A0E3DC8252397E2003220DA /* RestError.swift */; };
		8A0E3DCD252398AC003220DA /* WebClient.swift in Sources */ = {isa = PBXBuildFile; fileRef = 8A0E3DCC252398AC003220DA /* WebClient.swift */; };
		8A0E3DD125239988003220DA /* UrlExtension.swift in Sources */ = {isa = PBXBuildFile; fileRef = 8A0E3DD025239988003220DA /* UrlExtension.swift */; };
		8A0E3DD525239B3E003220DA /* UrlRequestExtension.swift in Sources */ = {isa = PBXBuildFile; fileRef = 8A0E3DD425239B3E003220DA /* UrlRequestExtension.swift */; };
		8A0E3DDF2523A168003220DA /* StocksService.swift in Sources */ = {isa = PBXBuildFile; fileRef = 8A0E3DDE2523A168003220DA /* StocksService.swift */; };
		8A226B09252471C40000B0C3 /* StockChart.swift in Sources */ = {isa = PBXBuildFile; fileRef = 8A226B08252471C40000B0C3 /* StockChart.swift */; };
		8A226B0A252471C40000B0C3 /* StockChart.swift in Sources */ = {isa = PBXBuildFile; fileRef = 8A226B08252471C40000B0C3 /* StockChart.swift */; };
		8A507CA9253376A400F0F749 /* ChartService.swift in Sources */ = {isa = PBXBuildFile; fileRef = 8A507CA8253376A400F0F749 /* ChartService.swift */; };
		8A876B32253604A800322F51 /* StockChartCache.swift in Sources */ = {isa = PBXBuildFile; fileRef = 8A876B31253604A800322F51 /* StockChartCache.swift */; };
		8A876B362537667600322F51 /* SymbolMarket.swift in Sources */ = {isa = PBXBuildFile; fileRef = 8A876B352537667600322F51 /* SymbolMarket.swift */; };
		8A8F198E2524F39600A1704B /* HomeLogic.swift in Sources */ = {isa = PBXBuildFile; fileRef = 8A8F198D2524F39600A1704B /* HomeLogic.swift */; };
		8A8F19972524F47800A1704B /* UserDefaultExtension.swift in Sources */ = {isa = PBXBuildFile; fileRef = 8A8F19962524F47800A1704B /* UserDefaultExtension.swift */; };
		8A8F19982524F47800A1704B /* UserDefaultExtension.swift in Sources */ = {isa = PBXBuildFile; fileRef = 8A8F19962524F47800A1704B /* UserDefaultExtension.swift */; };
		8A8F199C252644F600A1704B /* MarketQuote.swift in Sources */ = {isa = PBXBuildFile; fileRef = 8A8F199B252644F600A1704B /* MarketQuote.swift */; };
		8A9708D0252E350000F1AA28 /* StockView.swift in Sources */ = {isa = PBXBuildFile; fileRef = 8A9708CF252E350000F1AA28 /* StockView.swift */; };
		8A9708D1252E350000F1AA28 /* StockView.swift in Sources */ = {isa = PBXBuildFile; fileRef = 8A9708CF252E350000F1AA28 /* StockView.swift */; };
		8AA0EC58251F99D400B1F5A2 /* StockApp.swift in Sources */ = {isa = PBXBuildFile; fileRef = 8AA0EC45251F99D000B1F5A2 /* StockApp.swift */; };
		8AA0EC59251F99D400B1F5A2 /* StockApp.swift in Sources */ = {isa = PBXBuildFile; fileRef = 8AA0EC45251F99D000B1F5A2 /* StockApp.swift */; };
		8AA0EC5C251F99D400B1F5A2 /* Assets.xcassets in Resources */ = {isa = PBXBuildFile; fileRef = 8AA0EC47251F99D400B1F5A2 /* Assets.xcassets */; };
		8AA0EC5D251F99D400B1F5A2 /* Assets.xcassets in Resources */ = {isa = PBXBuildFile; fileRef = 8AA0EC47251F99D400B1F5A2 /* Assets.xcassets */; };
		8AA0EC69251F9A0C00B1F5A2 /* StockCardInfo.swift in Sources */ = {isa = PBXBuildFile; fileRef = 8AA0EC68251F9A0C00B1F5A2 /* StockCardInfo.swift */; };
		8AA0EC6A251F9A0C00B1F5A2 /* StockCardInfo.swift in Sources */ = {isa = PBXBuildFile; fileRef = 8AA0EC68251F9A0C00B1F5A2 /* StockCardInfo.swift */; };
		8AA0EC6E251F9A2700B1F5A2 /* Utilities.swift in Sources */ = {isa = PBXBuildFile; fileRef = 8AA0EC6D251F9A2700B1F5A2 /* Utilities.swift */; };
		8AA0EC6F251F9A2700B1F5A2 /* Utilities.swift in Sources */ = {isa = PBXBuildFile; fileRef = 8AA0EC6D251F9A2700B1F5A2 /* Utilities.swift */; };
		8AA0EC73251F9A5400B1F5A2 /* StockCellView.swift in Sources */ = {isa = PBXBuildFile; fileRef = 8AA0EC72251F9A5400B1F5A2 /* StockCellView.swift */; };
		8AA0EC74251F9A5400B1F5A2 /* StockCellView.swift in Sources */ = {isa = PBXBuildFile; fileRef = 8AA0EC72251F9A5400B1F5A2 /* StockCellView.swift */; };
		8AA0EC78251F9AC000B1F5A2 /* Home.swift in Sources */ = {isa = PBXBuildFile; fileRef = 8AA0EC77251F9AC000B1F5A2 /* Home.swift */; };
		8AA0EC79251F9AC000B1F5A2 /* Home.swift in Sources */ = {isa = PBXBuildFile; fileRef = 8AA0EC77251F9AC000B1F5A2 /* Home.swift */; };
		8AB739F8252F7EF400AE39DB /* loading.json in Resources */ = {isa = PBXBuildFile; fileRef = 8AB739F7252F7EF400AE39DB /* loading.json */; };
		8AB739F9252F7EF400AE39DB /* loading.json in Resources */ = {isa = PBXBuildFile; fileRef = 8AB739F7252F7EF400AE39DB /* loading.json */; };
		8AB739FD252F7F2600AE39DB /* LottieView.swift in Sources */ = {isa = PBXBuildFile; fileRef = 8AB739FC252F7F2600AE39DB /* LottieView.swift */; };
		8AB739FE252F7F2600AE39DB /* LottieView.swift in Sources */ = {isa = PBXBuildFile; fileRef = 8AB739FC252F7F2600AE39DB /* LottieView.swift */; };
		DB08B181D7284D218BDC6168 /* Pods_Stock__iOS_.framework in Frameworks */ = {isa = PBXBuildFile; fileRef = D0ED26920F8789AC4AB4A00D /* Pods_Stock__iOS_.framework */; };
/* End PBXBuildFile section */

/* Begin PBXFileReference section */
		2B7893861E929C08C7C1977F /* Pods-Stock (macOS).debug.xcconfig */ = {isa = PBXFileReference; includeInIndex = 1; lastKnownFileType = text.xcconfig; name = "Pods-Stock (macOS).debug.xcconfig"; path = "Target Support Files/Pods-Stock (macOS)/Pods-Stock (macOS).debug.xcconfig"; sourceTree = "<group>"; };
		7BC455BDCCD878E90A1AFC7E /* Pods-Stock (macOS).release.xcconfig */ = {isa = PBXFileReference; includeInIndex = 1; lastKnownFileType = text.xcconfig; name = "Pods-Stock (macOS).release.xcconfig"; path = "Target Support Files/Pods-Stock (macOS)/Pods-Stock (macOS).release.xcconfig"; sourceTree = "<group>"; };
		7F29EC83CA76549D30DC7522 /* Pods_Stock__macOS_.framework */ = {isa = PBXFileReference; explicitFileType = wrapper.framework; includeInIndex = 0; path = Pods_Stock__macOS_.framework; sourceTree = BUILT_PRODUCTS_DIR; };
		8A0E3DC225239713003220DA /* StockPrice.swift */ = {isa = PBXFileReference; lastKnownFileType = sourcecode.swift; path = StockPrice.swift; sourceTree = "<group>"; };
		8A0E3DC8252397E2003220DA /* RestError.swift */ = {isa = PBXFileReference; lastKnownFileType = sourcecode.swift; path = RestError.swift; sourceTree = "<group>"; };
		8A0E3DCC252398AC003220DA /* WebClient.swift */ = {isa = PBXFileReference; lastKnownFileType = sourcecode.swift; path = WebClient.swift; sourceTree = "<group>"; };
		8A0E3DD025239988003220DA /* UrlExtension.swift */ = {isa = PBXFileReference; lastKnownFileType = sourcecode.swift; path = UrlExtension.swift; sourceTree = "<group>"; };
		8A0E3DD425239B3E003220DA /* UrlRequestExtension.swift */ = {isa = PBXFileReference; lastKnownFileType = sourcecode.swift; path = UrlRequestExtension.swift; sourceTree = "<group>"; };
		8A0E3DDE2523A168003220DA /* StocksService.swift */ = {isa = PBXFileReference; lastKnownFileType = sourcecode.swift; path = StocksService.swift; sourceTree = "<group>"; };
		8A226B08252471C40000B0C3 /* StockChart.swift */ = {isa = PBXFileReference; lastKnownFileType = sourcecode.swift; path = StockChart.swift; sourceTree = "<group>"; };
		8A507CA8253376A400F0F749 /* ChartService.swift */ = {isa = PBXFileReference; lastKnownFileType = sourcecode.swift; path = ChartService.swift; sourceTree = "<group>"; };
		8A876B31253604A800322F51 /* StockChartCache.swift */ = {isa = PBXFileReference; lastKnownFileType = sourcecode.swift; path = StockChartCache.swift; sourceTree = "<group>"; };
		8A876B352537667600322F51 /* SymbolMarket.swift */ = {isa = PBXFileReference; lastKnownFileType = sourcecode.swift; path = SymbolMarket.swift; sourceTree = "<group>"; };
		8A8F198D2524F39600A1704B /* HomeLogic.swift */ = {isa = PBXFileReference; lastKnownFileType = sourcecode.swift; path = HomeLogic.swift; sourceTree = "<group>"; };
		8A8F19962524F47800A1704B /* UserDefaultExtension.swift */ = {isa = PBXFileReference; lastKnownFileType = sourcecode.swift; path = UserDefaultExtension.swift; sourceTree = "<group>"; };
		8A8F199B252644F600A1704B /* MarketQuote.swift */ = {isa = PBXFileReference; lastKnownFileType = sourcecode.swift; path = MarketQuote.swift; sourceTree = "<group>"; };
		8A9708CF252E350000F1AA28 /* StockView.swift */ = {isa = PBXFileReference; lastKnownFileType = sourcecode.swift; path = StockView.swift; sourceTree = "<group>"; };
		8AA0EC45251F99D000B1F5A2 /* StockApp.swift */ = {isa = PBXFileReference; lastKnownFileType = sourcecode.swift; path = StockApp.swift; sourceTree = "<group>"; };
		8AA0EC47251F99D400B1F5A2 /* Assets.xcassets */ = {isa = PBXFileReference; lastKnownFileType = folder.assetcatalog; path = Assets.xcassets; sourceTree = "<group>"; };
		8AA0EC4C251F99D400B1F5A2 /* Stock.app */ = {isa = PBXFileReference; explicitFileType = wrapper.application; includeInIndex = 0; path = Stock.app; sourceTree = BUILT_PRODUCTS_DIR; };
		8AA0EC4F251F99D400B1F5A2 /* Info.plist */ = {isa = PBXFileReference; lastKnownFileType = text.plist.xml; path = Info.plist; sourceTree = "<group>"; };
		8AA0EC54251F99D400B1F5A2 /* Stock.app */ = {isa = PBXFileReference; explicitFileType = wrapper.application; includeInIndex = 0; path = Stock.app; sourceTree = BUILT_PRODUCTS_DIR; };
		8AA0EC56251F99D400B1F5A2 /* Info.plist */ = {isa = PBXFileReference; lastKnownFileType = text.plist.xml; path = Info.plist; sourceTree = "<group>"; };
		8AA0EC57251F99D400B1F5A2 /* macOS.entitlements */ = {isa = PBXFileReference; lastKnownFileType = text.plist.entitlements; path = macOS.entitlements; sourceTree = "<group>"; };
		8AA0EC68251F9A0C00B1F5A2 /* StockCardInfo.swift */ = {isa = PBXFileReference; lastKnownFileType = sourcecode.swift; path = StockCardInfo.swift; sourceTree = "<group>"; };
		8AA0EC6D251F9A2700B1F5A2 /* Utilities.swift */ = {isa = PBXFileReference; lastKnownFileType = sourcecode.swift; path = Utilities.swift; sourceTree = "<group>"; };
		8AA0EC72251F9A5400B1F5A2 /* StockCellView.swift */ = {isa = PBXFileReference; lastKnownFileType = sourcecode.swift; path = StockCellView.swift; sourceTree = "<group>"; };
		8AA0EC77251F9AC000B1F5A2 /* Home.swift */ = {isa = PBXFileReference; lastKnownFileType = sourcecode.swift; path = Home.swift; sourceTree = "<group>"; };
		8AB739F7252F7EF400AE39DB /* loading.json */ = {isa = PBXFileReference; fileEncoding = 4; lastKnownFileType = text.json; path = loading.json; sourceTree = "<group>"; };
		8AB739FC252F7F2600AE39DB /* LottieView.swift */ = {isa = PBXFileReference; lastKnownFileType = sourcecode.swift; path = LottieView.swift; sourceTree = "<group>"; };
		A47BCCCA7FAA3DA86165B619 /* Pods-Stock (iOS).release.xcconfig */ = {isa = PBXFileReference; includeInIndex = 1; lastKnownFileType = text.xcconfig; name = "Pods-Stock (iOS).release.xcconfig"; path = "Target Support Files/Pods-Stock (iOS)/Pods-Stock (iOS).release.xcconfig"; sourceTree = "<group>"; };
		BA7D3E3C6CBF8F90293679F6 /* Pods-Stock (iOS).debug.xcconfig */ = {isa = PBXFileReference; includeInIndex = 1; lastKnownFileType = text.xcconfig; name = "Pods-Stock (iOS).debug.xcconfig"; path = "Target Support Files/Pods-Stock (iOS)/Pods-Stock (iOS).debug.xcconfig"; sourceTree = "<group>"; };
		D0ED26920F8789AC4AB4A00D /* Pods_Stock__iOS_.framework */ = {isa = PBXFileReference; explicitFileType = wrapper.framework; includeInIndex = 0; path = Pods_Stock__iOS_.framework; sourceTree = BUILT_PRODUCTS_DIR; };
/* End PBXFileReference section */

/* Begin PBXFrameworksBuildPhase section */
		8AA0EC49251F99D400B1F5A2 /* Frameworks */ = {
			isa = PBXFrameworksBuildPhase;
			buildActionMask = 2147483647;
			files = (
				DB08B181D7284D218BDC6168 /* Pods_Stock__iOS_.framework in Frameworks */,
			);
			runOnlyForDeploymentPostprocessing = 0;
		};
		8AA0EC51251F99D400B1F5A2 /* Frameworks */ = {
			isa = PBXFrameworksBuildPhase;
			buildActionMask = 2147483647;
			files = (
				00095C9132E0F759055F3940 /* Pods_Stock__macOS_.framework in Frameworks */,
			);
			runOnlyForDeploymentPostprocessing = 0;
		};
/* End PBXFrameworksBuildPhase section */

/* Begin PBXGroup section */
		18D18779648CF3887092A130 /* Frameworks */ = {
			isa = PBXGroup;
			children = (
				D0ED26920F8789AC4AB4A00D /* Pods_Stock__iOS_.framework */,
				7F29EC83CA76549D30DC7522 /* Pods_Stock__macOS_.framework */,
			);
			name = Frameworks;
			sourceTree = "<group>";
		};
		813ED9BE713CAF8112C70420 /* Pods */ = {
			isa = PBXGroup;
			children = (
				BA7D3E3C6CBF8F90293679F6 /* Pods-Stock (iOS).debug.xcconfig */,
				A47BCCCA7FAA3DA86165B619 /* Pods-Stock (iOS).release.xcconfig */,
				2B7893861E929C08C7C1977F /* Pods-Stock (macOS).debug.xcconfig */,
				7BC455BDCCD878E90A1AFC7E /* Pods-Stock (macOS).release.xcconfig */,
			);
			path = Pods;
			sourceTree = "<group>";
		};
		8A0E3DC12523907A003220DA /* Web */ = {
			isa = PBXGroup;
			children = (
				8A0E3DC8252397E2003220DA /* RestError.swift */,
				8A0E3DCC252398AC003220DA /* WebClient.swift */,
				8A0E3DDE2523A168003220DA /* StocksService.swift */,
				8A507CA8253376A400F0F749 /* ChartService.swift */,
				8A0E3DD025239988003220DA /* UrlExtension.swift */,
				8A0E3DD425239B3E003220DA /* UrlRequestExtension.swift */,
				8A876B31253604A800322F51 /* StockChartCache.swift */,
			);
			path = Web;
			sourceTree = "<group>";
		};
		8AA0EC3F251F99CF00B1F5A2 = {
			isa = PBXGroup;
			children = (
				8AA0EC44251F99D000B1F5A2 /* Shared */,
				8AA0EC4E251F99D400B1F5A2 /* iOS */,
				8AA0EC55251F99D400B1F5A2 /* macOS */,
				8AA0EC4D251F99D400B1F5A2 /* Products */,
				813ED9BE713CAF8112C70420 /* Pods */,
				18D18779648CF3887092A130 /* Frameworks */,
			);
			sourceTree = "<group>";
		};
		8AA0EC44251F99D000B1F5A2 /* Shared */ = {
			isa = PBXGroup;
			children = (
				8AA0EC45251F99D000B1F5A2 /* StockApp.swift */,
				8AA0EC6D251F9A2700B1F5A2 /* Utilities.swift */,
				8AB739CC252F741C00AE39DB /* Model */,
				8A0E3DC12523907A003220DA /* Web */,
				8AB739CB252F740000AE39DB /* StockView */,
				8A8F19962524F47800A1704B /* UserDefaultExtension.swift */,
				8A8F198D2524F39600A1704B /* HomeLogic.swift */,
				8AA0EC77251F9AC000B1F5A2 /* Home.swift */,
				8AB739FC252F7F2600AE39DB /* LottieView.swift */,
				8AB739F6252F7EDD00AE39DB /* Lottie */,
				8AA0EC47251F99D400B1F5A2 /* Assets.xcassets */,
			);
			path = Shared;
			sourceTree = "<group>";
		};
		8AA0EC4D251F99D400B1F5A2 /* Products */ = {
			isa = PBXGroup;
			children = (
				8AA0EC4C251F99D400B1F5A2 /* Stock.app */,
				8AA0EC54251F99D400B1F5A2 /* Stock.app */,
			);
			name = Products;
			sourceTree = "<group>";
		};
		8AA0EC4E251F99D400B1F5A2 /* iOS */ = {
			isa = PBXGroup;
			children = (
				8AA0EC4F251F99D400B1F5A2 /* Info.plist */,
			);
			path = iOS;
			sourceTree = "<group>";
		};
		8AA0EC55251F99D400B1F5A2 /* macOS */ = {
			isa = PBXGroup;
			children = (
				8AA0EC56251F99D400B1F5A2 /* Info.plist */,
				8AA0EC57251F99D400B1F5A2 /* macOS.entitlements */,
			);
			path = macOS;
			sourceTree = "<group>";
		};
		8AB739CB252F740000AE39DB /* StockView */ = {
			isa = PBXGroup;
			children = (
				8AA0EC68251F9A0C00B1F5A2 /* StockCardInfo.swift */,
				8A226B08252471C40000B0C3 /* StockChart.swift */,
				8A9708CF252E350000F1AA28 /* StockView.swift */,
				8AA0EC72251F9A5400B1F5A2 /* StockCellView.swift */,
			);
			path = StockView;
			sourceTree = "<group>";
		};
		8AB739CC252F741C00AE39DB /* Model */ = {
			isa = PBXGroup;
			children = (
				8A8F199B252644F600A1704B /* MarketQuote.swift */,
				8A0E3DC225239713003220DA /* StockPrice.swift */,
				8A876B352537667600322F51 /* SymbolMarket.swift */,
			);
			path = Model;
			sourceTree = "<group>";
		};
		8AB739F6252F7EDD00AE39DB /* Lottie */ = {
			isa = PBXGroup;
			children = (
				8AB739F7252F7EF400AE39DB /* loading.json */,
			);
			path = Lottie;
			sourceTree = "<group>";
		};
/* End PBXGroup section */

/* Begin PBXNativeTarget section */
		8AA0EC4B251F99D400B1F5A2 /* Stock (iOS) */ = {
			isa = PBXNativeTarget;
			buildConfigurationList = 8AA0EC60251F99D400B1F5A2 /* Build configuration list for PBXNativeTarget "Stock (iOS)" */;
			buildPhases = (
				DD618D3361189926434CBCE4 /* [CP] Check Pods Manifest.lock */,
				8AA0EC48251F99D400B1F5A2 /* Sources */,
				8AA0EC49251F99D400B1F5A2 /* Frameworks */,
				8AA0EC4A251F99D400B1F5A2 /* Resources */,
				EA76D9536C9E965D8AE54AAB /* [CP] Embed Pods Frameworks */,
			);
			buildRules = (
			);
			dependencies = (
			);
			name = "Stock (iOS)";
			productName = "Stock (iOS)";
			productReference = 8AA0EC4C251F99D400B1F5A2 /* Stock.app */;
			productType = "com.apple.product-type.application";
		};
		8AA0EC53251F99D400B1F5A2 /* Stock (macOS) */ = {
			isa = PBXNativeTarget;
			buildConfigurationList = 8AA0EC63251F99D400B1F5A2 /* Build configuration list for PBXNativeTarget "Stock (macOS)" */;
			buildPhases = (
				B2F2CA095674E32494E7DB9E /* [CP] Check Pods Manifest.lock */,
				8AA0EC50251F99D400B1F5A2 /* Sources */,
				8AA0EC51251F99D400B1F5A2 /* Frameworks */,
				8AA0EC52251F99D400B1F5A2 /* Resources */,
				1A04CC1CFA36F9047FC12158 /* [CP] Embed Pods Frameworks */,
			);
			buildRules = (
			);
			dependencies = (
			);
			name = "Stock (macOS)";
			productName = "Stock (macOS)";
			productReference = 8AA0EC54251F99D400B1F5A2 /* Stock.app */;
			productType = "com.apple.product-type.application";
		};
/* End PBXNativeTarget section */

/* Begin PBXProject section */
		8AA0EC40251F99CF00B1F5A2 /* Project object */ = {
			isa = PBXProject;
			attributes = {
				LastSwiftUpdateCheck = 1220;
				LastUpgradeCheck = 1220;
				TargetAttributes = {
					8AA0EC4B251F99D400B1F5A2 = {
						CreatedOnToolsVersion = 12.2;
					};
					8AA0EC53251F99D400B1F5A2 = {
						CreatedOnToolsVersion = 12.2;
					};
				};
			};
			buildConfigurationList = 8AA0EC43251F99CF00B1F5A2 /* Build configuration list for PBXProject "Stock" */;
			compatibilityVersion = "Xcode 9.3";
			developmentRegion = en;
			hasScannedForEncodings = 0;
			knownRegions = (
				en,
				Base,
			);
			mainGroup = 8AA0EC3F251F99CF00B1F5A2;
			productRefGroup = 8AA0EC4D251F99D400B1F5A2 /* Products */;
			projectDirPath = "";
			projectRoot = "";
			targets = (
				8AA0EC4B251F99D400B1F5A2 /* Stock (iOS) */,
				8AA0EC53251F99D400B1F5A2 /* Stock (macOS) */,
			);
		};
/* End PBXProject section */

/* Begin PBXResourcesBuildPhase section */
		8AA0EC4A251F99D400B1F5A2 /* Resources */ = {
			isa = PBXResourcesBuildPhase;
			buildActionMask = 2147483647;
			files = (
				8AB739F8252F7EF400AE39DB /* loading.json in Resources */,
				8AA0EC5C251F99D400B1F5A2 /* Assets.xcassets in Resources */,
			);
			runOnlyForDeploymentPostprocessing = 0;
		};
		8AA0EC52251F99D400B1F5A2 /* Resources */ = {
			isa = PBXResourcesBuildPhase;
			buildActionMask = 2147483647;
			files = (
				8AB739F9252F7EF400AE39DB /* loading.json in Resources */,
				8AA0EC5D251F99D400B1F5A2 /* Assets.xcassets in Resources */,
			);
			runOnlyForDeploymentPostprocessing = 0;
		};
/* End PBXResourcesBuildPhase section */

/* Begin PBXShellScriptBuildPhase section */
		1A04CC1CFA36F9047FC12158 /* [CP] Embed Pods Frameworks */ = {
			isa = PBXShellScriptBuildPhase;
			buildActionMask = 2147483647;
			files = (
			);
			inputFileListPaths = (
				"${PODS_ROOT}/Target Support Files/Pods-Stock (macOS)/Pods-Stock (macOS)-frameworks-${CONFIGURATION}-input-files.xcfilelist",
			);
			name = "[CP] Embed Pods Frameworks";
			outputFileListPaths = (
				"${PODS_ROOT}/Target Support Files/Pods-Stock (macOS)/Pods-Stock (macOS)-frameworks-${CONFIGURATION}-output-files.xcfilelist",
			);
			runOnlyForDeploymentPostprocessing = 0;
			shellPath = /bin/sh;
			shellScript = "\"${PODS_ROOT}/Target Support Files/Pods-Stock (macOS)/Pods-Stock (macOS)-frameworks.sh\"\n";
			showEnvVarsInLog = 0;
		};
		B2F2CA095674E32494E7DB9E /* [CP] Check Pods Manifest.lock */ = {
			isa = PBXShellScriptBuildPhase;
			buildActionMask = 2147483647;
			files = (
			);
			inputFileListPaths = (
			);
			inputPaths = (
				"${PODS_PODFILE_DIR_PATH}/Podfile.lock",
				"${PODS_ROOT}/Manifest.lock",
			);
			name = "[CP] Check Pods Manifest.lock";
			outputFileListPaths = (
			);
			outputPaths = (
				"$(DERIVED_FILE_DIR)/Pods-Stock (macOS)-checkManifestLockResult.txt",
			);
			runOnlyForDeploymentPostprocessing = 0;
			shellPath = /bin/sh;
			shellScript = "diff \"${PODS_PODFILE_DIR_PATH}/Podfile.lock\" \"${PODS_ROOT}/Manifest.lock\" > /dev/null\nif [ $? != 0 ] ; then\n    # print error to STDERR\n    echo \"error: The sandbox is not in sync with the Podfile.lock. Run 'pod install' or update your CocoaPods installation.\" >&2\n    exit 1\nfi\n# This output is used by Xcode 'outputs' to avoid re-running this script phase.\necho \"SUCCESS\" > \"${SCRIPT_OUTPUT_FILE_0}\"\n";
			showEnvVarsInLog = 0;
		};
		DD618D3361189926434CBCE4 /* [CP] Check Pods Manifest.lock */ = {
			isa = PBXShellScriptBuildPhase;
			buildActionMask = 2147483647;
			files = (
			);
			inputFileListPaths = (
			);
			inputPaths = (
				"${PODS_PODFILE_DIR_PATH}/Podfile.lock",
				"${PODS_ROOT}/Manifest.lock",
			);
			name = "[CP] Check Pods Manifest.lock";
			outputFileListPaths = (
			);
			outputPaths = (
				"$(DERIVED_FILE_DIR)/Pods-Stock (iOS)-checkManifestLockResult.txt",
			);
			runOnlyForDeploymentPostprocessing = 0;
			shellPath = /bin/sh;
			shellScript = "diff \"${PODS_PODFILE_DIR_PATH}/Podfile.lock\" \"${PODS_ROOT}/Manifest.lock\" > /dev/null\nif [ $? != 0 ] ; then\n    # print error to STDERR\n    echo \"error: The sandbox is not in sync with the Podfile.lock. Run 'pod install' or update your CocoaPods installation.\" >&2\n    exit 1\nfi\n# This output is used by Xcode 'outputs' to avoid re-running this script phase.\necho \"SUCCESS\" > \"${SCRIPT_OUTPUT_FILE_0}\"\n";
			showEnvVarsInLog = 0;
		};
		EA76D9536C9E965D8AE54AAB /* [CP] Embed Pods Frameworks */ = {
			isa = PBXShellScriptBuildPhase;
			buildActionMask = 2147483647;
			files = (
			);
			inputFileListPaths = (
				"${PODS_ROOT}/Target Support Files/Pods-Stock (iOS)/Pods-Stock (iOS)-frameworks-${CONFIGURATION}-input-files.xcfilelist",
			);
			name = "[CP] Embed Pods Frameworks";
			outputFileListPaths = (
				"${PODS_ROOT}/Target Support Files/Pods-Stock (iOS)/Pods-Stock (iOS)-frameworks-${CONFIGURATION}-output-files.xcfilelist",
			);
			runOnlyForDeploymentPostprocessing = 0;
			shellPath = /bin/sh;
			shellScript = "\"${PODS_ROOT}/Target Support Files/Pods-Stock (iOS)/Pods-Stock (iOS)-frameworks.sh\"\n";
			showEnvVarsInLog = 0;
		};
/* End PBXShellScriptBuildPhase section */

/* Begin PBXSourcesBuildPhase section */
		8AA0EC48251F99D400B1F5A2 /* Sources */ = {
			isa = PBXSourcesBuildPhase;
			buildActionMask = 2147483647;
			files = (
				8A8F19972524F47800A1704B /* UserDefaultExtension.swift in Sources */,
				8AB739FD252F7F2600AE39DB /* LottieView.swift in Sources */,
				8A876B32253604A800322F51 /* StockChartCache.swift in Sources */,
				8AA0EC73251F9A5400B1F5A2 /* StockCellView.swift in Sources */,
				8A226B09252471C40000B0C3 /* StockChart.swift in Sources */,
				8A0E3DD525239B3E003220DA /* UrlRequestExtension.swift in Sources */,
				8AA0EC58251F99D400B1F5A2 /* StockApp.swift in Sources */,
				8A876B362537667600322F51 /* SymbolMarket.swift in Sources */,
				8A8F199C252644F600A1704B /* MarketQuote.swift in Sources */,
				8A0E3DDF2523A168003220DA /* StocksService.swift in Sources */,
				8A507CA9253376A400F0F749 /* ChartService.swift in Sources */,
				8A0E3DC325239713003220DA /* StockPrice.swift in Sources */,
				8A0E3DD125239988003220DA /* UrlExtension.swift in Sources */,
				8A9708D0252E350000F1AA28 /* StockView.swift in Sources */,
				8AA0EC6E251F9A2700B1F5A2 /* Utilities.swift in Sources */,
				8A8F198E2524F39600A1704B /* HomeLogic.swift in Sources */,
				8AA0EC78251F9AC000B1F5A2 /* Home.swift in Sources */,
				8A0E3DC9252397E3003220DA /* RestError.swift in Sources */,
				8AA0EC69251F9A0C00B1F5A2 /* StockCardInfo.swift in Sources */,
				8A0E3DCD252398AC003220DA /* WebClient.swift in Sources */,
			);
			runOnlyForDeploymentPostprocessing = 0;
		};
		8AA0EC50251F99D400B1F5A2 /* Sources */ = {
			isa = PBXSourcesBuildPhase;
			buildActionMask = 2147483647;
			files = (
				8A9708D1252E350000F1AA28 /* StockView.swift in Sources */,
				8A8F19982524F47800A1704B /* UserDefaultExtension.swift in Sources */,
				8AB739FE252F7F2600AE39DB /* LottieView.swift in Sources */,
				8AA0EC74251F9A5400B1F5A2 /* StockCellView.swift in Sources */,
				8A226B0A252471C40000B0C3 /* StockChart.swift in Sources */,
				8AA0EC59251F99D400B1F5A2 /* StockApp.swift in Sources */,
				8AA0EC6F251F9A2700B1F5A2 /* Utilities.swift in Sources */,
				8AA0EC79251F9AC000B1F5A2 /* Home.swift in Sources */,
				8AA0EC6A251F9A0C00B1F5A2 /* StockCardInfo.swift in Sources */,
			);
			runOnlyForDeploymentPostprocessing = 0;
		};
/* End PBXSourcesBuildPhase section */

/* Begin XCBuildConfiguration section */
		8AA0EC5E251F99D400B1F5A2 /* Debug */ = {
			isa = XCBuildConfiguration;
			buildSettings = {
				ALWAYS_SEARCH_USER_PATHS = NO;
				CLANG_ANALYZER_NONNULL = YES;
				CLANG_ANALYZER_NUMBER_OBJECT_CONVERSION = YES_AGGRESSIVE;
				CLANG_CXX_LANGUAGE_STANDARD = "gnu++14";
				CLANG_CXX_LIBRARY = "libc++";
				CLANG_ENABLE_MODULES = YES;
				CLANG_ENABLE_OBJC_ARC = YES;
				CLANG_ENABLE_OBJC_WEAK = YES;
				CLANG_WARN_BLOCK_CAPTURE_AUTORELEASING = YES;
				CLANG_WARN_BOOL_CONVERSION = YES;
				CLANG_WARN_COMMA = YES;
				CLANG_WARN_CONSTANT_CONVERSION = YES;
				CLANG_WARN_DEPRECATED_OBJC_IMPLEMENTATIONS = YES;
				CLANG_WARN_DIRECT_OBJC_ISA_USAGE = YES_ERROR;
				CLANG_WARN_DOCUMENTATION_COMMENTS = YES;
				CLANG_WARN_EMPTY_BODY = YES;
				CLANG_WARN_ENUM_CONVERSION = YES;
				CLANG_WARN_INFINITE_RECURSION = YES;
				CLANG_WARN_INT_CONVERSION = YES;
				CLANG_WARN_NON_LITERAL_NULL_CONVERSION = YES;
				CLANG_WARN_OBJC_IMPLICIT_RETAIN_SELF = YES;
				CLANG_WARN_OBJC_LITERAL_CONVERSION = YES;
				CLANG_WARN_OBJC_ROOT_CLASS = YES_ERROR;
				CLANG_WARN_QUOTED_INCLUDE_IN_FRAMEWORK_HEADER = YES;
				CLANG_WARN_RANGE_LOOP_ANALYSIS = YES;
				CLANG_WARN_STRICT_PROTOTYPES = YES;
				CLANG_WARN_SUSPICIOUS_MOVE = YES;
				CLANG_WARN_UNGUARDED_AVAILABILITY = YES_AGGRESSIVE;
				CLANG_WARN_UNREACHABLE_CODE = YES;
				CLANG_WARN__DUPLICATE_METHOD_MATCH = YES;
				COPY_PHASE_STRIP = NO;
				DEBUG_INFORMATION_FORMAT = dwarf;
				ENABLE_STRICT_OBJC_MSGSEND = YES;
				ENABLE_TESTABILITY = YES;
				GCC_C_LANGUAGE_STANDARD = gnu11;
				GCC_DYNAMIC_NO_PIC = NO;
				GCC_NO_COMMON_BLOCKS = YES;
				GCC_OPTIMIZATION_LEVEL = 0;
				GCC_PREPROCESSOR_DEFINITIONS = (
					"DEBUG=1",
					"$(inherited)",
				);
				GCC_WARN_64_TO_32_BIT_CONVERSION = YES;
				GCC_WARN_ABOUT_RETURN_TYPE = YES_ERROR;
				GCC_WARN_UNDECLARED_SELECTOR = YES;
				GCC_WARN_UNINITIALIZED_AUTOS = YES_AGGRESSIVE;
				GCC_WARN_UNUSED_FUNCTION = YES;
				GCC_WARN_UNUSED_VARIABLE = YES;
				MTL_ENABLE_DEBUG_INFO = INCLUDE_SOURCE;
				MTL_FAST_MATH = YES;
				ONLY_ACTIVE_ARCH = YES;
				SWIFT_ACTIVE_COMPILATION_CONDITIONS = DEBUG;
				SWIFT_OPTIMIZATION_LEVEL = "-Onone";
			};
			name = Debug;
		};
		8AA0EC5F251F99D400B1F5A2 /* Release */ = {
			isa = XCBuildConfiguration;
			buildSettings = {
				ALWAYS_SEARCH_USER_PATHS = NO;
				CLANG_ANALYZER_NONNULL = YES;
				CLANG_ANALYZER_NUMBER_OBJECT_CONVERSION = YES_AGGRESSIVE;
				CLANG_CXX_LANGUAGE_STANDARD = "gnu++14";
				CLANG_CXX_LIBRARY = "libc++";
				CLANG_ENABLE_MODULES = YES;
				CLANG_ENABLE_OBJC_ARC = YES;
				CLANG_ENABLE_OBJC_WEAK = YES;
				CLANG_WARN_BLOCK_CAPTURE_AUTORELEASING = YES;
				CLANG_WARN_BOOL_CONVERSION = YES;
				CLANG_WARN_COMMA = YES;
				CLANG_WARN_CONSTANT_CONVERSION = YES;
				CLANG_WARN_DEPRECATED_OBJC_IMPLEMENTATIONS = YES;
				CLANG_WARN_DIRECT_OBJC_ISA_USAGE = YES_ERROR;
				CLANG_WARN_DOCUMENTATION_COMMENTS = YES;
				CLANG_WARN_EMPTY_BODY = YES;
				CLANG_WARN_ENUM_CONVERSION = YES;
				CLANG_WARN_INFINITE_RECURSION = YES;
				CLANG_WARN_INT_CONVERSION = YES;
				CLANG_WARN_NON_LITERAL_NULL_CONVERSION = YES;
				CLANG_WARN_OBJC_IMPLICIT_RETAIN_SELF = YES;
				CLANG_WARN_OBJC_LITERAL_CONVERSION = YES;
				CLANG_WARN_OBJC_ROOT_CLASS = YES_ERROR;
				CLANG_WARN_QUOTED_INCLUDE_IN_FRAMEWORK_HEADER = YES;
				CLANG_WARN_RANGE_LOOP_ANALYSIS = YES;
				CLANG_WARN_STRICT_PROTOTYPES = YES;
				CLANG_WARN_SUSPICIOUS_MOVE = YES;
				CLANG_WARN_UNGUARDED_AVAILABILITY = YES_AGGRESSIVE;
				CLANG_WARN_UNREACHABLE_CODE = YES;
				CLANG_WARN__DUPLICATE_METHOD_MATCH = YES;
				COPY_PHASE_STRIP = NO;
				DEBUG_INFORMATION_FORMAT = "dwarf-with-dsym";
				ENABLE_NS_ASSERTIONS = NO;
				ENABLE_STRICT_OBJC_MSGSEND = YES;
				GCC_C_LANGUAGE_STANDARD = gnu11;
				GCC_NO_COMMON_BLOCKS = YES;
				GCC_WARN_64_TO_32_BIT_CONVERSION = YES;
				GCC_WARN_ABOUT_RETURN_TYPE = YES_ERROR;
				GCC_WARN_UNDECLARED_SELECTOR = YES;
				GCC_WARN_UNINITIALIZED_AUTOS = YES_AGGRESSIVE;
				GCC_WARN_UNUSED_FUNCTION = YES;
				GCC_WARN_UNUSED_VARIABLE = YES;
				MTL_ENABLE_DEBUG_INFO = NO;
				MTL_FAST_MATH = YES;
				SWIFT_COMPILATION_MODE = wholemodule;
				SWIFT_OPTIMIZATION_LEVEL = "-O";
			};
			name = Release;
		};
		8AA0EC61251F99D400B1F5A2 /* Debug */ = {
			isa = XCBuildConfiguration;
			baseConfigurationReference = BA7D3E3C6CBF8F90293679F6 /* Pods-Stock (iOS).debug.xcconfig */;
			buildSettings = {
				ASSETCATALOG_COMPILER_APPICON_NAME = AppIcon;
				ASSETCATALOG_COMPILER_GLOBAL_ACCENT_COLOR_NAME = AccentColor;
				CODE_SIGN_STYLE = Automatic;
				DEVELOPMENT_TEAM = WY266AH6T6;
				ENABLE_PREVIEWS = YES;
				INFOPLIST_FILE = iOS/Info.plist;
				IPHONEOS_DEPLOYMENT_TARGET = 14.0;
				LD_RUNPATH_SEARCH_PATHS = (
					"$(inherited)",
					"@executable_path/Frameworks",
				);
				PRODUCT_BUNDLE_IDENTIFIER = com.MRB.Stock;
				PRODUCT_NAME = Stock;
				SDKROOT = iphoneos;
				SWIFT_VERSION = 5.0;
				TARGETED_DEVICE_FAMILY = "1,2";
			};
			name = Debug;
		};
		8AA0EC62251F99D400B1F5A2 /* Release */ = {
			isa = XCBuildConfiguration;
			baseConfigurationReference = A47BCCCA7FAA3DA86165B619 /* Pods-Stock (iOS).release.xcconfig */;
			buildSettings = {
				ASSETCATALOG_COMPILER_APPICON_NAME = AppIcon;
				ASSETCATALOG_COMPILER_GLOBAL_ACCENT_COLOR_NAME = AccentColor;
				CODE_SIGN_STYLE = Automatic;
				DEVELOPMENT_TEAM = WY266AH6T6;
				ENABLE_PREVIEWS = YES;
				INFOPLIST_FILE = iOS/Info.plist;
				IPHONEOS_DEPLOYMENT_TARGET = 14.0;
				LD_RUNPATH_SEARCH_PATHS = (
					"$(inherited)",
					"@executable_path/Frameworks",
				);
				PRODUCT_BUNDLE_IDENTIFIER = com.MRB.Stock;
				PRODUCT_NAME = Stock;
				SDKROOT = iphoneos;
				SWIFT_VERSION = 5.0;
				TARGETED_DEVICE_FAMILY = "1,2";
				VALIDATE_PRODUCT = YES;
			};
			name = Release;
		};
		8AA0EC64251F99D400B1F5A2 /* Debug */ = {
			isa = XCBuildConfiguration;
			baseConfigurationReference = 2B7893861E929C08C7C1977F /* Pods-Stock (macOS).debug.xcconfig */;
			buildSettings = {
				ASSETCATALOG_COMPILER_APPICON_NAME = AppIcon;
				ASSETCATALOG_COMPILER_GLOBAL_ACCENT_COLOR_NAME = AccentColor;
				CODE_SIGN_ENTITLEMENTS = macOS/macOS.entitlements;
				CODE_SIGN_STYLE = Automatic;
				COMBINE_HIDPI_IMAGES = YES;
				DEVELOPMENT_TEAM = WY266AH6T6;
				ENABLE_HARDENED_RUNTIME = YES;
				ENABLE_PREVIEWS = YES;
				INFOPLIST_FILE = macOS/Info.plist;
				LD_RUNPATH_SEARCH_PATHS = (
					"$(inherited)",
					"@executable_path/../Frameworks",
				);
				MACOSX_DEPLOYMENT_TARGET = 11.0;
				PRODUCT_BUNDLE_IDENTIFIER = com.MRB.Stock;
				PRODUCT_NAME = Stock;
				SDKROOT = macosx;
				SWIFT_VERSION = 5.0;
			};
			name = Debug;
		};
		8AA0EC65251F99D400B1F5A2 /* Release */ = {
			isa = XCBuildConfiguration;
			baseConfigurationReference = 7BC455BDCCD878E90A1AFC7E /* Pods-Stock (macOS).release.xcconfig */;
			buildSettings = {
				ASSETCATALOG_COMPILER_APPICON_NAME = AppIcon;
				ASSETCATALOG_COMPILER_GLOBAL_ACCENT_COLOR_NAME = AccentColor;
				CODE_SIGN_ENTITLEMENTS = macOS/macOS.entitlements;
				CODE_SIGN_STYLE = Automatic;
				COMBINE_HIDPI_IMAGES = YES;
				DEVELOPMENT_TEAM = WY266AH6T6;
				ENABLE_HARDENED_RUNTIME = YES;
				ENABLE_PREVIEWS = YES;
				INFOPLIST_FILE = macOS/Info.plist;
				LD_RUNPATH_SEARCH_PATHS = (
					"$(inherited)",
					"@executable_path/../Frameworks",
				);
				MACOSX_DEPLOYMENT_TARGET = 11.0;
				PRODUCT_BUNDLE_IDENTIFIER = com.MRB.Stock;
				PRODUCT_NAME = Stock;
				SDKROOT = macosx;
				SWIFT_VERSION = 5.0;
			};
			name = Release;
		};
/* End XCBuildConfiguration section */

/* Begin XCConfigurationList section */
		8AA0EC43251F99CF00B1F5A2 /* Build configuration list for PBXProject "Stock" */ = {
			isa = XCConfigurationList;
			buildConfigurations = (
				8AA0EC5E251F99D400B1F5A2 /* Debug */,
				8AA0EC5F251F99D400B1F5A2 /* Release */,
			);
			defaultConfigurationIsVisible = 0;
			defaultConfigurationName = Release;
		};
		8AA0EC60251F99D400B1F5A2 /* Build configuration list for PBXNativeTarget "Stock (iOS)" */ = {
			isa = XCConfigurationList;
			buildConfigurations = (
				8AA0EC61251F99D400B1F5A2 /* Debug */,
				8AA0EC62251F99D400B1F5A2 /* Release */,
			);
			defaultConfigurationIsVisible = 0;
			defaultConfigurationName = Release;
		};
		8AA0EC63251F99D400B1F5A2 /* Build configuration list for PBXNativeTarget "Stock (macOS)" */ = {
			isa = XCConfigurationList;
			buildConfigurations = (
				8AA0EC64251F99D400B1F5A2 /* Debug */,
				8AA0EC65251F99D400B1F5A2 /* Release */,
			);
			defaultConfigurationIsVisible = 0;
			defaultConfigurationName = Release;
		};
/* End XCConfigurationList section */
	};
	rootObject = 8AA0EC40251F99CF00B1F5A2 /* Project object */;
}
